{
  "version": 4,
  "terraform_version": "1.8.2",
  "serial": 3,
  "lineage": "e0bf97fe-5d2e-8564-1af8-d45a529df6c3",
  "outputs": {
    "bucket_names": {
      "value": {
        "migration-landing-zone-bucket": "migration-landing-zone-bucket",
        "poc-archive-storage-bucket": "poc-archive-storage-bucket"
      },
      "type": [
        "object",
        {
          "migration-landing-zone-bucket": "string",
          "poc-archive-storage-bucket": "string"
        }
      ]
    },
    "bucket_urls": {
      "value": {
        "migration-landing-zone-bucket": "gs://migration-landing-zone-bucket",
        "poc-archive-storage-bucket": "gs://poc-archive-storage-bucket"
      },
      "type": [
        "object",
        {
          "migration-landing-zone-bucket": "string",
          "poc-archive-storage-bucket": "string"
        }
      ]
    }
  },
  "resources": [
    {
      "mode": "managed",
      "type": "google_storage_bucket",
      "name": "buckets",
      "provider": "provider[\"registry.terraform.io/hashicorp/google\"]",
      "instances": [
        {
          "index_key": "migration-landing-zone-bucket",
          "schema_version": 2,
          "attributes": {
            "autoclass": [],
            "cors": [],
            "custom_placement_config": [],
            "default_event_based_hold": false,
            "effective_labels": {
              "cost_center": "devops",
              "data_type": "raw_ingestion",
              "environment": "poc",
              "managed_by": "terraform"
            },
            "enable_object_retention": false,
            "encryption": [],
            "force_destroy": false,
            "id": "migration-landing-zone-bucket",
            "labels": {
              "cost_center": "devops",
              "data_type": "raw_ingestion",
              "environment": "poc",
              "managed_by": "terraform"
            },
            "lifecycle_rule": [],
            "location": "ASIA-SOUTH1",
            "logging": [],
            "name": "migration-landing-zone-bucket",
            "project": "ornate-node-483516-e3",
            "project_number": -1225321126,
            "public_access_prevention": "inherited",
            "requester_pays": false,
            "retention_policy": [],
            "rpo": null,
            "self_link": "https://www.googleapis.com/storage/v1/b/migration-landing-zone-bucket",
            "soft_delete_policy": [
              {
                "effective_time": "2026-03-06T15:17:06.255Z",
                "retention_duration_seconds": 604800
              }
            ],
            "storage_class": "STANDARD",
            "terraform_labels": {
              "cost_center": "devops",
              "data_type": "raw_ingestion",
              "environment": "poc",
              "managed_by": "terraform"
            },
            "timeouts": null,
            "uniform_bucket_level_access": false,
            "url": "gs://migration-landing-zone-bucket",
            "versioning": [
              {
                "enabled": true
              }
            ],
            "website": []
          },
          "sensitive_attributes": [],
          "private": "eyJlMmJmYjczMC1lY2FhLTExZTYtOGY4OC0zNDM2M2JjN2M0YzAiOnsiY3JlYXRlIjo2MDAwMDAwMDAwMDAsInJlYWQiOjI0MDAwMDAwMDAwMCwidXBkYXRlIjoyNDAwMDAwMDAwMDB9LCJzY2hlbWFfdmVyc2lvbiI6IjIifQ=="
        },
        {
          "index_key": "poc-archive-storage-bucket",
          "schema_version": 2,
          "attributes": {
            "autoclass": [],
            "cors": [],
            "custom_placement_config": [],
            "default_event_based_hold": false,
            "effective_labels": {
              "cost_center": "devops",
              "environment": "poc",
              "managed_by": "terraform"
            },
            "enable_object_retention": false,
            "encryption": [],
            "force_destroy": false,
            "id": "poc-archive-storage-bucket",
            "labels": {
              "cost_center": "devops",
              "environment": "poc",
              "managed_by": "terraform"
            },
            "lifecycle_rule": [
              {
                "action": [
                  {
                    "storage_class": "COLDLINE",
                    "type": "SetStorageClass"
                  }
                ],
                "condition": [
                  {
                    "age": 30,
                    "created_before": "",
                    "custom_time_before": "",
                    "days_since_custom_time": 0,
                    "days_since_noncurrent_time": 0,
                    "matches_prefix": [],
                    "matches_storage_class": [],
                    "matches_suffix": [],
                    "no_age": false,
                    "noncurrent_time_before": "",
                    "num_newer_versions": 0,
                    "send_age_if_zero": true,
                    "send_days_since_custom_time_if_zero": false,
                    "send_days_since_noncurrent_time_if_zero": false,
                    "send_num_newer_versions_if_zero": false,
                    "with_state": "ANY"
                  }
                ]
              },
              {
                "action": [
                  {
                    "storage_class": "",
                    "type": "Delete"
                  }
                ],
                "condition": [
                  {
                    "age": 0,
                    "created_before": "",
                    "custom_time_before": "",
                    "days_since_custom_time": 0,
                    "days_since_noncurrent_time": 90,
                    "matches_prefix": [],
                    "matches_storage_class": [],
                    "matches_suffix": [],
                    "no_age": false,
                    "noncurrent_time_before": "",
                    "num_newer_versions": 0,
                    "send_age_if_zero": true,
                    "send_days_since_custom_time_if_zero": false,
                    "send_days_since_noncurrent_time_if_zero": false,
                    "send_num_newer_versions_if_zero": false,
                    "with_state": "ANY"
                  }
                ]
              }
            ],
            "location": "ASIA-SOUTH1",
            "logging": [],
            "name": "poc-archive-storage-bucket",
            "project": "ornate-node-483516-e3",
            "project_number": -1225321126,
            "public_access_prevention": "inherited",
            "requester_pays": false,
            "retention_policy": [],
            "rpo": null,
            "self_link": "https://www.googleapis.com/storage/v1/b/poc-archive-storage-bucket",
            "soft_delete_policy": [
              {
                "effective_time": "2026-03-06T15:17:06.381Z",
                "retention_duration_seconds": 604800
              }
            ],
            "storage_class": "NEARLINE",
            "terraform_labels": {
              "cost_center": "devops",
              "environment": "poc",
              "managed_by": "terraform"
            },
            "timeouts": null,
            "uniform_bucket_level_access": false,
            "url": "gs://poc-archive-storage-bucket",
            "versioning": [
              {
                "enabled": true
              }
            ],
            "website": []
          },
          "sensitive_attributes": [],
          "private": "eyJlMmJmYjczMC1lY2FhLTExZTYtOGY4OC0zNDM2M2JjN2M0YzAiOnsiY3JlYXRlIjo2MDAwMDAwMDAwMDAsInJlYWQiOjI0MDAwMDAwMDAwMCwidXBkYXRlIjoyNDAwMDAwMDAwMDB9LCJzY2hlbWFfdmVyc2lvbiI6IjIifQ=="
        }
      ]
    }
  ],
  "check_results": null
}
